
Microsoft Visual Studio Solution File, Format Version 11.00
# Visual Studio 2010 Express for Windows Phone
Project("{FAE04EC0-301F-11D3-BF4B-00C04F79EFBC}") = "MobileVisualInterface", "MobileVisualInterface\MobileVisualInterface.csproj", "{1B61C1ED-4585-49FB-8EE9-8596B4EEFE19}"
EndProject
Global
	GlobalSection(SolutionConfigurationPlatforms) = preSolution
		Debug|Any CPU = Debug|Any CPU
		Release|Any CPU = Release|Any CPU
	EndGlobalSection
	GlobalSection(ProjectConfigurationPlatforms) = postSolution
		{1B61C1ED-4585-49FB-8EE9-8596B4EEFE19}.Debug|Any CPU.ActiveCfg = Debug|Any CPU
		{1B61C1ED-4585-49FB-8EE9-8596B4EEFE19}.Debug|Any CPU.Build.0 = Debug|Any CPU
		{1B61C1ED-4585-49FB-8EE9-8596B4EEFE19}.Debug|Any CPU.Deploy.0 = Debug|Any CPU
		{1B61C1ED-4585-49FB-8EE9-8596B4EEFE19}.Release|Any CPU.ActiveCfg = Release|Any CPU
		{1B61C1ED-4585-49FB-8EE9-8596B4EEFE19}.Release|Any CPU.Build.0 = Release|Any CPU
		{1B61C1ED-4585-49FB-8EE9-8596B4EEFE19}.Release|Any CPU.Deploy.0 = Release|Any CPU
	EndGlobalSection
	GlobalSection(SolutionProperties) = preSolution
		HideSolutionNode = FALSE
	EndGlobalSection
EndGlobal
